{
  "name": "toss-api-node-test",
  "version": "1.0.0",
  "lockfileVersion": 1,
  "requires": true,
  "dependencies": {
    "node-fetch": {
      "version": "2.1.2",
      "resolved": "https://registry.npmjs.org/node-fetch/-/node-fetch-2.1.2.tgz",
      "integrity": "sha1-q4hOjn5X44qUR1POxwb3iNF2i7U="
    },
    "shortid": {
      "version": "2.2.8",
      "resolved": "https://registry.npmjs.org/shortid/-/shortid-2.2.8.tgz",
      "integrity": "sha1-AzsRfWoul1gE9vCWnb59PQs1UTE="
    },
    "toss-node-api": {
      "version": "1.0.2",
      "resolved": "https://registry.npmjs.org/toss-node-api/-/toss-node-api-1.0.2.tgz",
      "integrity": "sha512-hNTV7SMUe75IdidsOR0NzA+HSkMfZnTVC7cfv13iZil/CBmrvjHfYBKVAFQC0s+NBxnyI0fCukt/1fjusp4R6Q==",
      "requires": {
        "node-fetch": "2.1.2",
        "shortid": "2.2.8"
      }
    }
  }
}
